
Microsoft Visual Studio Solution File, Format Version 12.00
# Visual Studio Version 17
VisualStudioVersion = 17.9.34728.123
MinimumVisualStudioVersion = 10.0.40219.1
Project("{FAE04EC0-301F-11D3-BF4B-00C04F79EFBC}") = "exerciceEvalution", "exerciceEvalution\exerciceEvalution.csproj", "{BEE5AF78-5F16-40A1-95C8-9B7E0EEB926F}"
EndProject
Global
	GlobalSection(SolutionConfigurationPlatforms) = preSolution
		Debug|Any CPU = Debug|Any CPU
		Release|Any CPU = Release|Any CPU
	EndGlobalSection
	GlobalSection(ProjectConfigurationPlatforms) = postSolution
		{BEE5AF78-5F16-40A1-95C8-9B7E0EEB926F}.Debug|Any CPU.ActiveCfg = Debug|Any CPU
		{BEE5AF78-5F16-40A1-95C8-9B7E0EEB926F}.Debug|Any CPU.Build.0 = Debug|Any CPU
		{BEE5AF78-5F16-40A1-95C8-9B7E0EEB926F}.Release|Any CPU.ActiveCfg = Release|Any CPU
		{BEE5AF78-5F16-40A1-95C8-9B7E0EEB926F}.Release|Any CPU.Build.0 = Release|Any CPU
	EndGlobalSection
	GlobalSection(SolutionProperties) = preSolution
		HideSolutionNode = FALSE
	EndGlobalSection
	GlobalSection(ExtensibilityGlobals) = postSolution
		SolutionGuid = {176822C2-710B-4B8B-BD9A-47822459A664}
	EndGlobalSection
EndGlobal
